# THIS IS AN AUTOGENERATED FILE. DO NOT EDIT THIS FILE DIRECTLY.
# yarn lockfile v1


"@angular/core@^4.2.4":
  version "4.2.4"
  resolved "https://registry.yarnpkg.com/@angular/core/-/core-4.2.4.tgz#e8df7a8dd5de5a327784dfc35b5da6344281cf1b"
  dependencies:
    tslib "^1.7.1"

"@angular/platform-browser-dynamic@^4.2.4":
  version "4.2.4"
  resolved "https://registry.yarnpkg.com/@angular/platform-browser-dynamic/-/platform-browser-dynamic-4.2.4.tgz#5190fda79425ae49a49224985614c9780a370761"
  dependencies:
    tslib "^1.7.1"

tslib@^1.7.1:
  version "1.7.1"
  resolved "https://registry.yarnpkg.com/tslib/-/tslib-1.7.1.tgz#bc8004164691923a79fe8378bbeb3da2017538ec"
